// !$*UTF8*$!
{
	archiveVersion = 1;
	classes = {
	};
	objectVersion = 77;
	objects = {

/* Begin PBXBuildFile section */
		0057148EC8A263969B4F9DA0 /* Models.swift in Sources */ = {isa = PBXBuildFile; fileRef = 7B2FF6CD7B71A558ED4982E4 /* Models.swift */; };
		0221E956C710EE293313D239 /* LegendView.swift in Sources */ = {isa = PBXBuildFile; fileRef = C6B857DEAD564E906DD8C5C1 /* LegendView.swift */; };
		0920AA4CDBC62AB01972A03C /* EnglishOnlyPolicyTests.swift in Sources */ = {isa = PBXBuildFile; fileRef = CE8BD68D822956D3D67F4F05 /* EnglishOnlyPolicyTests.swift */; };
		0B5A7BCBD027EA8A5B614A94 /* EditorState.swift in Sources */ = {isa = PBXBuildFile; fileRef = 52D13C0F584EA02C5608F66C /* EditorState.swift */; };
		100CAFCDAEFDCC3F32DDA27C /* SceneCGRenderer.swift in Sources */ = {isa = PBXBuildFile; fileRef = E163964A26DEF732002C0666 /* SceneCGRenderer.swift */; };
		10AFF34F3FC29D300170C69F /* SceneComputationService.swift in Sources */ = {isa = PBXBuildFile; fileRef = ADD27811BEC4C3274838F380 /* SceneComputationService.swift */; };
		10F7EA95AF26E3FF57D294EE /* DomainProtocols.swift in Sources */ = {isa = PBXBuildFile; fileRef = FEAD7EB094D19DAC48F7EE4E /* DomainProtocols.swift */; };
		1279625C4A6171C5A8D5578D /* EasyLogKit.framework in Frameworks */ = {isa = PBXBuildFile; fileRef = EF61C85F076D611D44F14995 /* EasyLogKit.framework */; };
		14DEAD19E402C6E55403DD24 /* ResourceProvider.swift in Sources */ = {isa = PBXBuildFile; fileRef = F9A53F44E679D2FFD3C298BF /* ResourceProvider.swift */; };
		173923676BC1058D0BE49B57 /* PointFeatureIconCatalogTests.swift in Sources */ = {isa = PBXBuildFile; fileRef = 333FDBAAEA44B2D5E0F272D5 /* PointFeatureIconCatalogTests.swift */; };
		174B1ED1548B9031AEB8CF91 /* ResourceProviderTests.swift in Sources */ = {isa = PBXBuildFile; fileRef = FA7B9DE1653B705CDFDC3CAB /* ResourceProviderTests.swift */; };
		17F16FADC23B298F3C122436 /* SyntheticSceneCGRenderer.swift in Sources */ = {isa = PBXBuildFile; fileRef = 7885CC1F1367AEC81A15206A /* SyntheticSceneCGRenderer.swift */; };
		192E55EB016B3C3C01E0CA84 /* SceneRasterCache.swift in Sources */ = {isa = PBXBuildFile; fileRef = 23A968119368923D7B804F64 /* SceneRasterCache.swift */; };
		1D66CFD6631FB5E3C201D661 /* LithologyColorPresetStoreTests.swift in Sources */ = {isa = PBXBuildFile; fileRef = E9A834C6E9185D3D33AA0E76 /* LithologyColorPresetStoreTests.swift */; };
		1DB466C31C418C1817852A0B /* LocalizedNumberIOTests.swift in Sources */ = {isa = PBXBuildFile; fileRef = 529D32399A7E6DE881E098E0 /* LocalizedNumberIOTests.swift */; };
		1DEA26EDF15B4EBAA9CDF5D1 /* USGSSymbolAssetResolver.swift in Sources */ = {isa = PBXBuildFile; fileRef = 24D8A1EFA729A40D90B8F004 /* USGSSymbolAssetResolver.swift */; };
		201500C2038ADF37AE7D4CAD /* SceneRefreshService.swift in Sources */ = {isa = PBXBuildFile; fileRef = 74586540F147FF01DEFBDE62 /* SceneRefreshService.swift */; };
		220A6737D35A57844C3B7525 /* ThreadSafeCaches.swift in Sources */ = {isa = PBXBuildFile; fileRef = 9B5A9611535CEC312A1FD900 /* ThreadSafeCaches.swift */; };
		2263460F46B2AB93926AF8E6 /* LithologyColorProfilesSheetView.swift in Sources */ = {isa = PBXBuildFile; fileRef = 04EF780E236BAF2054CC44B8 /* LithologyColorProfilesSheetView.swift */; };
		22E58C55FF5260C1CF272E6C /* EasyLogKit.framework in Embed Frameworks */ = {isa = PBXBuildFile; fileRef = EF61C85F076D611D44F14995 /* EasyLogKit.framework */; settings = {ATTRIBUTES = (CodeSignOnCopy, RemoveHeadersOnCopy, ); }; };
		24DD9F2118B6D500F35B3230 /* ViewModelTests.swift in Sources */ = {isa = PBXBuildFile; fileRef = C6C98C85CF07CDFD3201DB26 /* ViewModelTests.swift */; };
		28D63D46AC4088DBB511D9DA /* newicon.png in Resources */ = {isa = PBXBuildFile; fileRef = ED1EED1118FB7735A146376E /* newicon.png */; };
		397680867FCFF014E4F201B2 /* ProjectViewModel.swift in Sources */ = {isa = PBXBuildFile; fileRef = A70BBDB66A4D2532692B524A /* ProjectViewModel.swift */; };
		399100AE62D930AFB235385B /* HexColorNormalizerTests.swift in Sources */ = {isa = PBXBuildFile; fileRef = 53FB9340A758A2F84376A21E /* HexColorNormalizerTests.swift */; };
		3B10E07DEB4CB63D7175FB58 /* PointFeatureIcons.swift in Sources */ = {isa = PBXBuildFile; fileRef = B90D236F57A6A589BA6496F0 /* PointFeatureIcons.swift */; };
		3B308D249C956700716001F8 /* FileDialoging.swift in Sources */ = {isa = PBXBuildFile; fileRef = 822B8D06B718C4FFBCCFD126 /* FileDialoging.swift */; };
		3DC8F695BAE24E069B3D8B20 /* RenderTuning.swift in Sources */ = {isa = PBXBuildFile; fileRef = F848B7988FA9E302B8567F02 /* RenderTuning.swift */; };
		3F308EC14FA6E730D3F3BE6D /* ColorProfileService.swift in Sources */ = {isa = PBXBuildFile; fileRef = 36B9AE74C58836C5C5C81C61 /* ColorProfileService.swift */; };
		40430B85A46E3DE1F50B3E76 /* Exporting.swift in Sources */ = {isa = PBXBuildFile; fileRef = 97F5C3143DB1909CAD743069 /* Exporting.swift */; };
		424734932C5F623639E7CC51 /* ServicesUseCasesTests.swift in Sources */ = {isa = PBXBuildFile; fileRef = D1E360DC8F291A7C8084E5F5 /* ServicesUseCasesTests.swift */; };
		4697F0B8E4D596276A6129DA /* JPGAndCompositeExportTests.swift in Sources */ = {isa = PBXBuildFile; fileRef = D9214630E1CA8300C1CFF49A /* JPGAndCompositeExportTests.swift */; };
		4BE895CD30586672AFE5C5AD /* ZoomService.swift in Sources */ = {isa = PBXBuildFile; fileRef = FBCEAB7C7DD1B5501894EEDF /* ZoomService.swift */; };
		5544A23C788FBCF706D5BFB4 /* SceneComputationServiceTests.swift in Sources */ = {isa = PBXBuildFile; fileRef = 334562360FFAC4DAB9D66BBD /* SceneComputationServiceTests.swift */; };
		59A805CA6EC11BF69C494C41 /* UnitFormView.swift in Sources */ = {isa = PBXBuildFile; fileRef = 2FF6184158A2EA4426E157E2 /* UnitFormView.swift */; };
		5BE97CFF3E35838D7B379F4E /* ColorHexTests.swift in Sources */ = {isa = PBXBuildFile; fileRef = F912EBC817DC868B551866F0 /* ColorHexTests.swift */; };
		5CB065ADE4B80FCCED8D5EDD /* ValidationReportTests.swift in Sources */ = {isa = PBXBuildFile; fileRef = EA64E390E7B13D54E042FC36 /* ValidationReportTests.swift */; };
		5D3E08ADBBC91BE99636DEA1 /* Validation.swift in Sources */ = {isa = PBXBuildFile; fileRef = 23649421DC69845DAF761FCC /* Validation.swift */; };
		5EC239DA68BDDBA7A71338ED /* SettingsPanelView.swift in Sources */ = {isa = PBXBuildFile; fileRef = 8F930CB4500C1E8DA9E56CCC /* SettingsPanelView.swift */; };
		625659B762A6216105ABA33C /* LithologyColorPresets.swift in Sources */ = {isa = PBXBuildFile; fileRef = E803BC3940D415CC731E4E20 /* LithologyColorPresets.swift */; };
		644A480B1882A7F19833D7A7 /* Assets.xcassets in Resources */ = {isa = PBXBuildFile; fileRef = 3C758203EC0B018705E33442 /* Assets.xcassets */; };
		6803A1D8AC63A59F93156336 /* ModelsBehaviorTests.swift in Sources */ = {isa = PBXBuildFile; fileRef = DF4CCE615CC8B53A81AA1917 /* ModelsBehaviorTests.swift */; };
		68BCDE2AFD9397A70381B39A /* EasyLogKitBundle.swift in Sources */ = {isa = PBXBuildFile; fileRef = 3EFED433990D402A28D22B94 /* EasyLogKitBundle.swift */; };
		69053F3DF0671F5B65A62A51 /* EasyLogKit.framework in Embed Frameworks */ = {isa = PBXBuildFile; fileRef = EF61C85F076D611D44F14995 /* EasyLogKit.framework */; settings = {ATTRIBUTES = (CodeSignOnCopy, RemoveHeadersOnCopy, ); }; };
		6CA7A3493495703ABA75E9CF /* CSVLogExporterTests.swift in Sources */ = {isa = PBXBuildFile; fileRef = BC9C71552F07A7A7E9C32842 /* CSVLogExporterTests.swift */; };
		6D1CE109A0286FE2F49C0B35 /* EasyLogKit.framework in Frameworks */ = {isa = PBXBuildFile; fileRef = EF61C85F076D611D44F14995 /* EasyLogKit.framework */; };
		70D8E3073C887A78BF162A7C /* ResourceCatalogTests.swift in Sources */ = {isa = PBXBuildFile; fileRef = B1D3835552A6C474D2611090 /* ResourceCatalogTests.swift */; };
		728DF3DD4CD2E9C7D8663C1C /* SceneRasterCacheTests.swift in Sources */ = {isa = PBXBuildFile; fileRef = 66C5975B325F100526964E60 /* SceneRasterCacheTests.swift */; };
		77E8E9FF31F9BAEFD4720DD8 /* TestFixtures.swift in Sources */ = {isa = PBXBuildFile; fileRef = BFA03075EAC7BEADB0242AB1 /* TestFixtures.swift */; };
		78F78C3686D62257A5FC2129 /* MainContentView.swift in Sources */ = {isa = PBXBuildFile; fileRef = 88F7E13CBD2945F3AC41C8A7 /* MainContentView.swift */; };
		7D5761EEE42AB5E258C96D88 /* ProjectDocumentService.swift in Sources */ = {isa = PBXBuildFile; fileRef = 7B135DCDE94B9A1E1CA14A5E /* ProjectDocumentService.swift */; };
		7E740657D92B35D2A569C874 /* ProjectUseCases.swift in Sources */ = {isa = PBXBuildFile; fileRef = 846D166B6569BE5D6D8F8414 /* ProjectUseCases.swift */; };
		829B6F558EBDBED16F70C68B /* ProjectRoundTripTests.swift in Sources */ = {isa = PBXBuildFile; fileRef = B1EB0213CF6C369F2807298F /* ProjectRoundTripTests.swift */; };
		88C45EF4F62C61125AD11DAE /* ColorHex.swift in Sources */ = {isa = PBXBuildFile; fileRef = 9A8D7755D3B60697FFCF407A /* ColorHex.swift */; };
		8CB296347AFF4ED0F3881472 /* USGSResourceCatalog.swift in Sources */ = {isa = PBXBuildFile; fileRef = C1A4F03EFB1CCDE5D39AF749 /* USGSResourceCatalog.swift */; };
		91A5557AD1199F5F44D1B3F1 /* Symbology.swift in Sources */ = {isa = PBXBuildFile; fileRef = 87BF940680FFEDB1F571EF4B /* Symbology.swift */; };
		9915CDE28A341644F5A0D413 /* LocalizedNumberIO.swift in Sources */ = {isa = PBXBuildFile; fileRef = 9F1B5EDB1DB5171670BCA690 /* LocalizedNumberIO.swift */; };
		A2C669FA6F086AE89250B750 /* ExportService.swift in Sources */ = {isa = PBXBuildFile; fileRef = 0B4E2E97C06D15681046CD7D /* ExportService.swift */; };
		A362753B2D6BB06EFC29A844 /* isolated in Resources */ = {isa = PBXBuildFile; fileRef = 428EEE930B4295FDD7525871 /* isolated */; };
		A752162E572A95533AF83381 /* SceneLayout.swift in Sources */ = {isa = PBXBuildFile; fileRef = 99328FCCE75A1265070D7049 /* SceneLayout.swift */; };
		A77C498B5A7FB14D7F4EF349 /* USGSEPSSymbolRenderer.swift in Sources */ = {isa = PBXBuildFile; fileRef = 91734FA0427076D394BC26BC /* USGSEPSSymbolRenderer.swift */; };
		A9237A432D9AEB866AF66FCB /* pdf in Resources */ = {isa = PBXBuildFile; fileRef = B86BC2853A3790866A2469AE /* pdf */; };
		A950D42ECE598B45E303FCD0 /* EasyLog.icns in Resources */ = {isa = PBXBuildFile; fileRef = 7E94B327BD5F3DDEE43E8EB6 /* EasyLog.icns */; };
		ABF7EBA1E369652A151E48FD /* USGSRuntime in Resources */ = {isa = PBXBuildFile; fileRef = DE7212CEE07F09B24D34673E /* USGSRuntime */; };
		B3CFC6C2542070E6B94D650A /* SyntheticComparisonScene.swift in Sources */ = {isa = PBXBuildFile; fileRef = 4885C6FB966EDCE7F9628D8B /* SyntheticComparisonScene.swift */; };
		B4F95AAF63626BFA246E05D7 /* RenderPreviewView.swift in Sources */ = {isa = PBXBuildFile; fileRef = A0051647A15398FC107241DB /* RenderPreviewView.swift */; };
		B50A2EB519D3B1173532E594 /* RendererTests.swift in Sources */ = {isa = PBXBuildFile; fileRef = E211A1A9870187F5D0B08EDF /* RendererTests.swift */; };
		B8483B94C69EFDAB28274321 /* PointFeatureIconRendererTests.swift in Sources */ = {isa = PBXBuildFile; fileRef = 86C55DBC0BF241165CADA76B /* PointFeatureIconRendererTests.swift */; };
		BAB1EBF1066B3AEB6059B4FF /* HexColorNormalizer.swift in Sources */ = {isa = PBXBuildFile; fileRef = 5778F71A14CCCD1CCBC1A160 /* HexColorNormalizer.swift */; };
		BEEE8DC978E3F1A9C51EBFB1 /* EasyLogApp.swift in Sources */ = {isa = PBXBuildFile; fileRef = 6559CBD7665DD8A15ECC9234 /* EasyLogApp.swift */; };
		C0FEF3A96FA29502558C6039 /* TestSupport.swift in Sources */ = {isa = PBXBuildFile; fileRef = 424379E9A37EB021F8701F81 /* TestSupport.swift */; };
		C1E162E3E7422E8BE82813A1 /* EasyLogRenderer.swift in Sources */ = {isa = PBXBuildFile; fileRef = 64F6EF7999B4F0402B33DB3A /* EasyLogRenderer.swift */; };
		C24585E2CD4909EDA94316C8 /* ProjectStore.swift in Sources */ = {isa = PBXBuildFile; fileRef = 494AD8682912888EF515C34C /* ProjectStore.swift */; };
		CF5A99D15CC3BD874D929B31 /* ProUIComponents.swift in Sources */ = {isa = PBXBuildFile; fileRef = 8E1F4694A09EB9AD89C82DA9 /* ProUIComponents.swift */; };
		CFC1DB6EFFFBE886CDB85C81 /* SVGExporter.swift in Sources */ = {isa = PBXBuildFile; fileRef = B8154322A50BF6916724B1D3 /* SVGExporter.swift */; };
		D8FC084E366D5976E23E0534 /* SymbologyTests.swift in Sources */ = {isa = PBXBuildFile; fileRef = A21723490559B5A6B655D37B /* SymbologyTests.swift */; };
		DA6D61A0AD51B9CBB37E2EE5 /* ViewModelTuningTests.swift in Sources */ = {isa = PBXBuildFile; fileRef = 7F8F1EB463506E87D04569A3 /* ViewModelTuningTests.swift */; };
		DC28E0AE324FEF641EDF08F9 /* RenderScene.swift in Sources */ = {isa = PBXBuildFile; fileRef = BC1A83C9ECD65690C8459062 /* RenderScene.swift */; };
		E1D9CF334F92D793173F6BEE /* CSVLogExporter.swift in Sources */ = {isa = PBXBuildFile; fileRef = A3A601DA33ACC8BD9E639138 /* CSVLogExporter.swift */; };
		E9E2487BE32D9BE5889001B1 /* FileDialogingTests.swift in Sources */ = {isa = PBXBuildFile; fileRef = 6C3439C75DE363E7B7890028 /* FileDialogingTests.swift */; };
		ED3851BEC2769067E9D4930D /* ProjectSidebarView.swift in Sources */ = {isa = PBXBuildFile; fileRef = EC49BAB9C78BD7D6AD9CC605 /* ProjectSidebarView.swift */; };
		ED5E07F7F442861E74E01A1C /* SceneRefreshTrigger.swift in Sources */ = {isa = PBXBuildFile; fileRef = 3861B783FA8ECE316CCBEE6E /* SceneRefreshTrigger.swift */; };
		F20ED8D93F50F04CFFD8613E /* SyntheticComparisonPopoverView.swift in Sources */ = {isa = PBXBuildFile; fileRef = C540BA2F23EB59E5C471CEBC /* SyntheticComparisonPopoverView.swift */; };
		FAD18F08FE363A56F934821A /* SVGExportTests.swift in Sources */ = {isa = PBXBuildFile; fileRef = 8DA3D5C264A028673BB2E8A3 /* SVGExportTests.swift */; };
		FDE4C485AD4266EBF469DDB3 /* JPGExporter.swift in Sources */ = {isa = PBXBuildFile; fileRef = 7F86274100F98915F2D9FBB7 /* JPGExporter.swift */; };
/* End PBXBuildFile section */

/* Begin PBXContainerItemProxy section */
		7DF3623A952C63BAD4CB834B /* PBXContainerItemProxy */ = {
			isa = PBXContainerItemProxy;
			containerPortal = E13F7C36BF7638AF2C8BD718 /* Project object */;
			proxyType = 1;
			remoteGlobalIDString = 6644D64CBD199E641EE548A4;
			remoteInfo = EasyLogKit;
		};
		7E6F89AFC462252B7BE19812 /* PBXContainerItemProxy */ = {
			isa = PBXContainerItemProxy;
			containerPortal = E13F7C36BF7638AF2C8BD718 /* Project object */;
			proxyType = 1;
			remoteGlobalIDString = 6644D64CBD199E641EE548A4;
			remoteInfo = EasyLogKit;
		};
/* End PBXContainerItemProxy section */

/* Begin PBXCopyFilesBuildPhase section */
		9EF1835797F3A36D0CF0B958 /* Embed Frameworks */ = {
			isa = PBXCopyFilesBuildPhase;
			buildActionMask = 2147483647;
			dstPath = "";
			dstSubfolderSpec = 10;
			files = (
				22E58C55FF5260C1CF272E6C /* EasyLogKit.framework in Embed Frameworks */,
			);
			name = "Embed Frameworks";
			runOnlyForDeploymentPostprocessing = 0;
		};
		F807E5B955F5847FB39D7D8A /* Embed Frameworks */ = {
			isa = PBXCopyFilesBuildPhase;
			buildActionMask = 2147483647;
			dstPath = "";
			dstSubfolderSpec = 10;
			files = (
				69053F3DF0671F5B65A62A51 /* EasyLogKit.framework in Embed Frameworks */,
			);
			name = "Embed Frameworks";
			runOnlyForDeploymentPostprocessing = 0;
		};
/* End PBXCopyFilesBuildPhase section */

/* Begin PBXFileReference section */
		04EF780E236BAF2054CC44B8 /* LithologyColorProfilesSheetView.swift */ = {isa = PBXFileReference; lastKnownFileType = sourcecode.swift; path = LithologyColorProfilesSheetView.swift; sourceTree = "<group>"; };
		0B4E2E97C06D15681046CD7D /* ExportService.swift */ = {isa = PBXFileReference; lastKnownFileType = sourcecode.swift; path = ExportService.swift; sourceTree = "<group>"; };
		23649421DC69845DAF761FCC /* Validation.swift */ = {isa = PBXFileReference; lastKnownFileType = sourcecode.swift; path = Validation.swift; sourceTree = "<group>"; };
		23A968119368923D7B804F64 /* SceneRasterCache.swift */ = {isa = PBXFileReference; lastKnownFileType = sourcecode.swift; path = SceneRasterCache.swift; sourceTree = "<group>"; };
		24D8A1EFA729A40D90B8F004 /* USGSSymbolAssetResolver.swift */ = {isa = PBXFileReference; lastKnownFileType = sourcecode.swift; path = USGSSymbolAssetResolver.swift; sourceTree = "<group>"; };
		2FF6184158A2EA4426E157E2 /* UnitFormView.swift */ = {isa = PBXFileReference; lastKnownFileType = sourcecode.swift; path = UnitFormView.swift; sourceTree = "<group>"; };
		333FDBAAEA44B2D5E0F272D5 /* PointFeatureIconCatalogTests.swift */ = {isa = PBXFileReference; lastKnownFileType = sourcecode.swift; path = PointFeatureIconCatalogTests.swift; sourceTree = "<group>"; };
		334562360FFAC4DAB9D66BBD /* SceneComputationServiceTests.swift */ = {isa = PBXFileReference; lastKnownFileType = sourcecode.swift; path = SceneComputationServiceTests.swift; sourceTree = "<group>"; };
		36B9AE74C58836C5C5C81C61 /* ColorProfileService.swift */ = {isa = PBXFileReference; lastKnownFileType = sourcecode.swift; path = ColorProfileService.swift; sourceTree = "<group>"; };
		3861B783FA8ECE316CCBEE6E /* SceneRefreshTrigger.swift */ = {isa = PBXFileReference; lastKnownFileType = sourcecode.swift; path = SceneRefreshTrigger.swift; sourceTree = "<group>"; };
		3C758203EC0B018705E33442 /* Assets.xcassets */ = {isa = PBXFileReference; lastKnownFileType = folder.assetcatalog; path = Assets.xcassets; sourceTree = "<group>"; };
		3EFED433990D402A28D22B94 /* EasyLogKitBundle.swift */ = {isa = PBXFileReference; lastKnownFileType = sourcecode.swift; path = EasyLogKitBundle.swift; sourceTree = "<group>"; };
		424379E9A37EB021F8701F81 /* TestSupport.swift */ = {isa = PBXFileReference; lastKnownFileType = sourcecode.swift; path = TestSupport.swift; sourceTree = "<group>"; };
		428EEE930B4295FDD7525871 /* isolated */ = {isa = PBXFileReference; lastKnownFileType = folder; name = isolated; path = Sources/EasyLogKit/Resources/isolated; sourceTree = SOURCE_ROOT; };
		4885C6FB966EDCE7F9628D8B /* SyntheticComparisonScene.swift */ = {isa = PBXFileReference; lastKnownFileType = sourcecode.swift; path = SyntheticComparisonScene.swift; sourceTree = "<group>"; };
		494AD8682912888EF515C34C /* ProjectStore.swift */ = {isa = PBXFileReference; lastKnownFileType = sourcecode.swift; path = ProjectStore.swift; sourceTree = "<group>"; };
		529D32399A7E6DE881E098E0 /* LocalizedNumberIOTests.swift */ = {isa = PBXFileReference; lastKnownFileType = sourcecode.swift; path = LocalizedNumberIOTests.swift; sourceTree = "<group>"; };
		52D13C0F584EA02C5608F66C /* EditorState.swift */ = {isa = PBXFileReference; lastKnownFileType = sourcecode.swift; path = EditorState.swift; sourceTree = "<group>"; };
		53FB9340A758A2F84376A21E /* HexColorNormalizerTests.swift */ = {isa = PBXFileReference; lastKnownFileType = sourcecode.swift; path = HexColorNormalizerTests.swift; sourceTree = "<group>"; };
		5778F71A14CCCD1CCBC1A160 /* HexColorNormalizer.swift */ = {isa = PBXFileReference; lastKnownFileType = sourcecode.swift; path = HexColorNormalizer.swift; sourceTree = "<group>"; };
		64F6EF7999B4F0402B33DB3A /* EasyLogRenderer.swift */ = {isa = PBXFileReference; lastKnownFileType = sourcecode.swift; path = EasyLogRenderer.swift; sourceTree = "<group>"; };
		6559CBD7665DD8A15ECC9234 /* EasyLogApp.swift */ = {isa = PBXFileReference; lastKnownFileType = sourcecode.swift; path = EasyLogApp.swift; sourceTree = "<group>"; };
		66C5975B325F100526964E60 /* SceneRasterCacheTests.swift */ = {isa = PBXFileReference; lastKnownFileType = sourcecode.swift; path = SceneRasterCacheTests.swift; sourceTree = "<group>"; };
		6C3439C75DE363E7B7890028 /* FileDialogingTests.swift */ = {isa = PBXFileReference; lastKnownFileType = sourcecode.swift; path = FileDialogingTests.swift; sourceTree = "<group>"; };
		74586540F147FF01DEFBDE62 /* SceneRefreshService.swift */ = {isa = PBXFileReference; lastKnownFileType = sourcecode.swift; path = SceneRefreshService.swift; sourceTree = "<group>"; };
		7885CC1F1367AEC81A15206A /* SyntheticSceneCGRenderer.swift */ = {isa = PBXFileReference; lastKnownFileType = sourcecode.swift; path = SyntheticSceneCGRenderer.swift; sourceTree = "<group>"; };
		7B135DCDE94B9A1E1CA14A5E /* ProjectDocumentService.swift */ = {isa = PBXFileReference; lastKnownFileType = sourcecode.swift; path = ProjectDocumentService.swift; sourceTree = "<group>"; };
		7B2FF6CD7B71A558ED4982E4 /* Models.swift */ = {isa = PBXFileReference; lastKnownFileType = sourcecode.swift; path = Models.swift; sourceTree = "<group>"; };
		7E94B327BD5F3DDEE43E8EB6 /* EasyLog.icns */ = {isa = PBXFileReference; lastKnownFileType = image.icns; path = EasyLog.icns; sourceTree = "<group>"; };
		7F86274100F98915F2D9FBB7 /* JPGExporter.swift */ = {isa = PBXFileReference; lastKnownFileType = sourcecode.swift; path = JPGExporter.swift; sourceTree = "<group>"; };
		7F8F1EB463506E87D04569A3 /* ViewModelTuningTests.swift */ = {isa = PBXFileReference; lastKnownFileType = sourcecode.swift; path = ViewModelTuningTests.swift; sourceTree = "<group>"; };
		822B8D06B718C4FFBCCFD126 /* FileDialoging.swift */ = {isa = PBXFileReference; lastKnownFileType = sourcecode.swift; path = FileDialoging.swift; sourceTree = "<group>"; };
		846D166B6569BE5D6D8F8414 /* ProjectUseCases.swift */ = {isa = PBXFileReference; lastKnownFileType = sourcecode.swift; path = ProjectUseCases.swift; sourceTree = "<group>"; };
		855C09B2F148BF6DBFC0B370 /* EasyLogKitTests.xctest */ = {isa = PBXFileReference; explicitFileType = wrapper.cfbundle; includeInIndex = 0; path = EasyLogKitTests.xctest; sourceTree = BUILT_PRODUCTS_DIR; };
		86C55DBC0BF241165CADA76B /* PointFeatureIconRendererTests.swift */ = {isa = PBXFileReference; lastKnownFileType = sourcecode.swift; path = PointFeatureIconRendererTests.swift; sourceTree = "<group>"; };
		87BF940680FFEDB1F571EF4B /* Symbology.swift */ = {isa = PBXFileReference; lastKnownFileType = sourcecode.swift; path = Symbology.swift; sourceTree = "<group>"; };
		88F7E13CBD2945F3AC41C8A7 /* MainContentView.swift */ = {isa = PBXFileReference; lastKnownFileType = sourcecode.swift; path = MainContentView.swift; sourceTree = "<group>"; };
		8DA3D5C264A028673BB2E8A3 /* SVGExportTests.swift */ = {isa = PBXFileReference; lastKnownFileType = sourcecode.swift; path = SVGExportTests.swift; sourceTree = "<group>"; };
		8E1F4694A09EB9AD89C82DA9 /* ProUIComponents.swift */ = {isa = PBXFileReference; lastKnownFileType = sourcecode.swift; path = ProUIComponents.swift; sourceTree = "<group>"; };
		8F930CB4500C1E8DA9E56CCC /* SettingsPanelView.swift */ = {isa = PBXFileReference; lastKnownFileType = sourcecode.swift; path = SettingsPanelView.swift; sourceTree = "<group>"; };
		8FB6FEC2EFACA00531B6FAB6 /* EasyLogApp.app */ = {isa = PBXFileReference; explicitFileType = wrapper.application; includeInIndex = 0; path = EasyLogApp.app; sourceTree = BUILT_PRODUCTS_DIR; };
		91734FA0427076D394BC26BC /* USGSEPSSymbolRenderer.swift */ = {isa = PBXFileReference; lastKnownFileType = sourcecode.swift; path = USGSEPSSymbolRenderer.swift; sourceTree = "<group>"; };
		97F5C3143DB1909CAD743069 /* Exporting.swift */ = {isa = PBXFileReference; lastKnownFileType = sourcecode.swift; path = Exporting.swift; sourceTree = "<group>"; };
		99328FCCE75A1265070D7049 /* SceneLayout.swift */ = {isa = PBXFileReference; lastKnownFileType = sourcecode.swift; path = SceneLayout.swift; sourceTree = "<group>"; };
		9A8D7755D3B60697FFCF407A /* ColorHex.swift */ = {isa = PBXFileReference; lastKnownFileType = sourcecode.swift; path = ColorHex.swift; sourceTree = "<group>"; };
		9B5A9611535CEC312A1FD900 /* ThreadSafeCaches.swift */ = {isa = PBXFileReference; lastKnownFileType = sourcecode.swift; path = ThreadSafeCaches.swift; sourceTree = "<group>"; };
		9F1B5EDB1DB5171670BCA690 /* LocalizedNumberIO.swift */ = {isa = PBXFileReference; lastKnownFileType = sourcecode.swift; path = LocalizedNumberIO.swift; sourceTree = "<group>"; };
		A0051647A15398FC107241DB /* RenderPreviewView.swift */ = {isa = PBXFileReference; lastKnownFileType = sourcecode.swift; path = RenderPreviewView.swift; sourceTree = "<group>"; };
		A21723490559B5A6B655D37B /* SymbologyTests.swift */ = {isa = PBXFileReference; lastKnownFileType = sourcecode.swift; path = SymbologyTests.swift; sourceTree = "<group>"; };
		A3A601DA33ACC8BD9E639138 /* CSVLogExporter.swift */ = {isa = PBXFileReference; lastKnownFileType = sourcecode.swift; path = CSVLogExporter.swift; sourceTree = "<group>"; };
		A70BBDB66A4D2532692B524A /* ProjectViewModel.swift */ = {isa = PBXFileReference; lastKnownFileType = sourcecode.swift; path = ProjectViewModel.swift; sourceTree = "<group>"; };
		ADD27811BEC4C3274838F380 /* SceneComputationService.swift */ = {isa = PBXFileReference; lastKnownFileType = sourcecode.swift; path = SceneComputationService.swift; sourceTree = "<group>"; };
		B1D3835552A6C474D2611090 /* ResourceCatalogTests.swift */ = {isa = PBXFileReference; lastKnownFileType = sourcecode.swift; path = ResourceCatalogTests.swift; sourceTree = "<group>"; };
		B1EB0213CF6C369F2807298F /* ProjectRoundTripTests.swift */ = {isa = PBXFileReference; lastKnownFileType = sourcecode.swift; path = ProjectRoundTripTests.swift; sourceTree = "<group>"; };
		B8154322A50BF6916724B1D3 /* SVGExporter.swift */ = {isa = PBXFileReference; lastKnownFileType = sourcecode.swift; path = SVGExporter.swift; sourceTree = "<group>"; };
		B86BC2853A3790866A2469AE /* pdf */ = {isa = PBXFileReference; lastKnownFileType = folder; name = pdf; path = Sources/EasyLogKit/Resources/USGS/11A02/pdf; sourceTree = SOURCE_ROOT; };
		B90D236F57A6A589BA6496F0 /* PointFeatureIcons.swift */ = {isa = PBXFileReference; lastKnownFileType = sourcecode.swift; path = PointFeatureIcons.swift; sourceTree = "<group>"; };
		BC1A83C9ECD65690C8459062 /* RenderScene.swift */ = {isa = PBXFileReference; lastKnownFileType = sourcecode.swift; path = RenderScene.swift; sourceTree = "<group>"; };
		BC9C71552F07A7A7E9C32842 /* CSVLogExporterTests.swift */ = {isa = PBXFileReference; lastKnownFileType = sourcecode.swift; path = CSVLogExporterTests.swift; sourceTree = "<group>"; };
		BFA03075EAC7BEADB0242AB1 /* TestFixtures.swift */ = {isa = PBXFileReference; lastKnownFileType = sourcecode.swift; path = TestFixtures.swift; sourceTree = "<group>"; };
		C1A4F03EFB1CCDE5D39AF749 /* USGSResourceCatalog.swift */ = {isa = PBXFileReference; lastKnownFileType = sourcecode.swift; path = USGSResourceCatalog.swift; sourceTree = "<group>"; };
		C540BA2F23EB59E5C471CEBC /* SyntheticComparisonPopoverView.swift */ = {isa = PBXFileReference; lastKnownFileType = sourcecode.swift; path = SyntheticComparisonPopoverView.swift; sourceTree = "<group>"; };
		C6B857DEAD564E906DD8C5C1 /* LegendView.swift */ = {isa = PBXFileReference; lastKnownFileType = sourcecode.swift; path = LegendView.swift; sourceTree = "<group>"; };
		C6C98C85CF07CDFD3201DB26 /* ViewModelTests.swift */ = {isa = PBXFileReference; lastKnownFileType = sourcecode.swift; path = ViewModelTests.swift; sourceTree = "<group>"; };
		CE8BD68D822956D3D67F4F05 /* EnglishOnlyPolicyTests.swift */ = {isa = PBXFileReference; lastKnownFileType = sourcecode.swift; path = EnglishOnlyPolicyTests.swift; sourceTree = "<group>"; };
		D1E360DC8F291A7C8084E5F5 /* ServicesUseCasesTests.swift */ = {isa = PBXFileReference; lastKnownFileType = sourcecode.swift; path = ServicesUseCasesTests.swift; sourceTree = "<group>"; };
		D9214630E1CA8300C1CFF49A /* JPGAndCompositeExportTests.swift */ = {isa = PBXFileReference; lastKnownFileType = sourcecode.swift; path = JPGAndCompositeExportTests.swift; sourceTree = "<group>"; };
		DE7212CEE07F09B24D34673E /* USGSRuntime */ = {isa = PBXFileReference; lastKnownFileType = folder; name = USGSRuntime; path = Sources/EasyLogKit/Resources/USGSRuntime; sourceTree = SOURCE_ROOT; };
		DF4CCE615CC8B53A81AA1917 /* ModelsBehaviorTests.swift */ = {isa = PBXFileReference; lastKnownFileType = sourcecode.swift; path = ModelsBehaviorTests.swift; sourceTree = "<group>"; };
		E163964A26DEF732002C0666 /* SceneCGRenderer.swift */ = {isa = PBXFileReference; lastKnownFileType = sourcecode.swift; path = SceneCGRenderer.swift; sourceTree = "<group>"; };
		E211A1A9870187F5D0B08EDF /* RendererTests.swift */ = {isa = PBXFileReference; lastKnownFileType = sourcecode.swift; path = RendererTests.swift; sourceTree = "<group>"; };
		E803BC3940D415CC731E4E20 /* LithologyColorPresets.swift */ = {isa = PBXFileReference; lastKnownFileType = sourcecode.swift; path = LithologyColorPresets.swift; sourceTree = "<group>"; };
		E9A834C6E9185D3D33AA0E76 /* LithologyColorPresetStoreTests.swift */ = {isa = PBXFileReference; lastKnownFileType = sourcecode.swift; path = LithologyColorPresetStoreTests.swift; sourceTree = "<group>"; };
		EA64E390E7B13D54E042FC36 /* ValidationReportTests.swift */ = {isa = PBXFileReference; lastKnownFileType = sourcecode.swift; path = ValidationReportTests.swift; sourceTree = "<group>"; };
		EC49BAB9C78BD7D6AD9CC605 /* ProjectSidebarView.swift */ = {isa = PBXFileReference; lastKnownFileType = sourcecode.swift; path = ProjectSidebarView.swift; sourceTree = "<group>"; };
		ED1EED1118FB7735A146376E /* newicon.png */ = {isa = PBXFileReference; lastKnownFileType = image.png; path = newicon.png; sourceTree = "<group>"; };
		EF61C85F076D611D44F14995 /* EasyLogKit.framework */ = {isa = PBXFileReference; explicitFileType = wrapper.framework; includeInIndex = 0; path = EasyLogKit.framework; sourceTree = BUILT_PRODUCTS_DIR; };
		F848B7988FA9E302B8567F02 /* RenderTuning.swift */ = {isa = PBXFileReference; lastKnownFileType = sourcecode.swift; path = RenderTuning.swift; sourceTree = "<group>"; };
		F912EBC817DC868B551866F0 /* ColorHexTests.swift */ = {isa = PBXFileReference; lastKnownFileType = sourcecode.swift; path = ColorHexTests.swift; sourceTree = "<group>"; };
		F9A53F44E679D2FFD3C298BF /* ResourceProvider.swift */ = {isa = PBXFileReference; lastKnownFileType = sourcecode.swift; path = ResourceProvider.swift; sourceTree = "<group>"; };
		FA7B9DE1653B705CDFDC3CAB /* ResourceProviderTests.swift */ = {isa = PBXFileReference; lastKnownFileType = sourcecode.swift; path = ResourceProviderTests.swift; sourceTree = "<group>"; };
		FBCEAB7C7DD1B5501894EEDF /* ZoomService.swift */ = {isa = PBXFileReference; lastKnownFileType = sourcecode.swift; path = ZoomService.swift; sourceTree = "<group>"; };
		FEAD7EB094D19DAC48F7EE4E /* DomainProtocols.swift */ = {isa = PBXFileReference; lastKnownFileType = sourcecode.swift; path = DomainProtocols.swift; sourceTree = "<group>"; };
/* End PBXFileReference section */

/* Begin PBXFrameworksBuildPhase section */
		900A2EC06E8DA469122F817A /* Frameworks */ = {
			isa = PBXFrameworksBuildPhase;
			buildActionMask = 2147483647;
			files = (
				1279625C4A6171C5A8D5578D /* EasyLogKit.framework in Frameworks */,
			);
			runOnlyForDeploymentPostprocessing = 0;
		};
		F0C4422183E13CBE1A181D8D /* Frameworks */ = {
			isa = PBXFrameworksBuildPhase;
			buildActionMask = 2147483647;
			files = (
				6D1CE109A0286FE2F49C0B35 /* EasyLogKit.framework in Frameworks */,
			);
			runOnlyForDeploymentPostprocessing = 0;
		};
/* End PBXFrameworksBuildPhase section */

/* Begin PBXGroup section */
		04BA42E19E3D6EB325C32540 /* Utils */ = {
			isa = PBXGroup;
			children = (
				9A8D7755D3B60697FFCF407A /* ColorHex.swift */,
				3EFED433990D402A28D22B94 /* EasyLogKitBundle.swift */,
				9F1B5EDB1DB5171670BCA690 /* LocalizedNumberIO.swift */,
			);
			path = Utils;
			sourceTree = "<group>";
		};
		0C069522DC85DDF6AB0A445E /* Products */ = {
			isa = PBXGroup;
			children = (
				8FB6FEC2EFACA00531B6FAB6 /* EasyLogApp.app */,
				EF61C85F076D611D44F14995 /* EasyLogKit.framework */,
				855C09B2F148BF6DBFC0B370 /* EasyLogKitTests.xctest */,
			);
			name = Products;
			sourceTree = "<group>";
		};
		24BE1D53DB44FBCF3090E14A /* EasyLogKit */ = {
			isa = PBXGroup;
			children = (
				AA650EBC8143EE74219A4369 /* App */,
				887692D33D22B1C0C5408088 /* Core */,
				ABA3D15FB913D8120FEB9509 /* Features */,
				D81305EF4D9DBA5F52C0E702 /* Infrastructure */,
				92C192B8A2AD3F94938D8951 /* Resources */,
			);
			path = EasyLogKit;
			sourceTree = "<group>";
		};
		37BA259ACD69160D7C4A325D /* PersistenceResources */ = {
			isa = PBXGroup;
			children = (
				B1EB0213CF6C369F2807298F /* ProjectRoundTripTests.swift */,
				B1D3835552A6C474D2611090 /* ResourceCatalogTests.swift */,
				FA7B9DE1653B705CDFDC3CAB /* ResourceProviderTests.swift */,
			);
			path = PersistenceResources;
			sourceTree = "<group>";
		};
		3A85D718A449E82830777A8C /* 11A02 */ = {
			isa = PBXGroup;
			children = (
				B86BC2853A3790866A2469AE /* pdf */,
			);
			path = 11A02;
			sourceTree = "<group>";
		};
		41D97336BA01C1BDB916A9F8 /* Export */ = {
			isa = PBXGroup;
			children = (
				A3A601DA33ACC8BD9E639138 /* CSVLogExporter.swift */,
				97F5C3143DB1909CAD743069 /* Exporting.swift */,
				7F86274100F98915F2D9FBB7 /* JPGExporter.swift */,
				B8154322A50BF6916724B1D3 /* SVGExporter.swift */,
			);
			path = Export;
			sourceTree = "<group>";
		};
		4267900D987DD52266865996 = {
			isa = PBXGroup;
			children = (
				8DFA3F26B3E23353035C1783 /* Sources */,
				DAF3A9CA01E0E2675242AB19 /* Tests */,
				0C069522DC85DDF6AB0A445E /* Products */,
			);
			sourceTree = "<group>";
		};
		466839C91EFA5DC66536FCF0 /* USGS */ = {
			isa = PBXGroup;
			children = (
				3A85D718A449E82830777A8C /* 11A02 */,
			);
			path = USGS;
			sourceTree = "<group>";
		};
		4CCCA0E3919596FE3DFEAD66 /* EasyLogApp */ = {
			isa = PBXGroup;
			children = (
				6559CBD7665DD8A15ECC9234 /* EasyLogApp.swift */,
				746680735A048F8D0AFCA540 /* Resources */,
			);
			path = EasyLogApp;
			sourceTree = "<group>";
		};
		67630EF6D34CF288923B2CA0 /* Export */ = {
			isa = PBXGroup;
			children = (
				BC9C71552F07A7A7E9C32842 /* CSVLogExporterTests.swift */,
				D9214630E1CA8300C1CFF49A /* JPGAndCompositeExportTests.swift */,
				8DA3D5C264A028673BB2E8A3 /* SVGExportTests.swift */,
			);
			path = Export;
			sourceTree = "<group>";
		};
		7440947C48A72CD50866DFF9 /* Core */ = {
			isa = PBXGroup;
			children = (
				F912EBC817DC868B551866F0 /* ColorHexTests.swift */,
				CE8BD68D822956D3D67F4F05 /* EnglishOnlyPolicyTests.swift */,
				53FB9340A758A2F84376A21E /* HexColorNormalizerTests.swift */,
				529D32399A7E6DE881E098E0 /* LocalizedNumberIOTests.swift */,
				DF4CCE615CC8B53A81AA1917 /* ModelsBehaviorTests.swift */,
				EA64E390E7B13D54E042FC36 /* ValidationReportTests.swift */,
			);
			path = Core;
			sourceTree = "<group>";
		};
		746680735A048F8D0AFCA540 /* Resources */ = {
			isa = PBXGroup;
			children = (
				3C758203EC0B018705E33442 /* Assets.xcassets */,
				7E94B327BD5F3DDEE43E8EB6 /* EasyLog.icns */,
				FFA21C7E8C805270635517E1 /* IconSource */,
			);
			path = Resources;
			sourceTree = "<group>";
		};
		826E2A035F8EF55B2F7684B4 /* Resources */ = {
			isa = PBXGroup;
			children = (
				F9A53F44E679D2FFD3C298BF /* ResourceProvider.swift */,
				C1A4F03EFB1CCDE5D39AF749 /* USGSResourceCatalog.swift */,
			);
			path = Resources;
			sourceTree = "<group>";
		};
		887692D33D22B1C0C5408088 /* Core */ = {
			isa = PBXGroup;
			children = (
				5778F71A14CCCD1CCBC1A160 /* HexColorNormalizer.swift */,
				7B2FF6CD7B71A558ED4982E4 /* Models.swift */,
				23649421DC69845DAF761FCC /* Validation.swift */,
			);
			path = Core;
			sourceTree = "<group>";
		};
		891F7F6F02FC89C728B2AEFA /* Preview */ = {
			isa = PBXGroup;
			children = (
				DD666D1FB37F351A202B56E3 /* Rendering */,
				CF0BA709E9DA5C0C3F6A319F /* UI */,
			);
			path = Preview;
			sourceTree = "<group>";
		};
		8C2FE8F36D84EA36E906A623 /* State */ = {
			isa = PBXGroup;
			children = (
				52D13C0F584EA02C5608F66C /* EditorState.swift */,
				E803BC3940D415CC731E4E20 /* LithologyColorPresets.swift */,
				A70BBDB66A4D2532692B524A /* ProjectViewModel.swift */,
				F848B7988FA9E302B8567F02 /* RenderTuning.swift */,
				ADD27811BEC4C3274838F380 /* SceneComputationService.swift */,
				3861B783FA8ECE316CCBEE6E /* SceneRefreshTrigger.swift */,
			);
			path = State;
			sourceTree = "<group>";
		};
		8DFA3F26B3E23353035C1783 /* Sources */ = {
			isa = PBXGroup;
			children = (
				4CCCA0E3919596FE3DFEAD66 /* EasyLogApp */,
				24BE1D53DB44FBCF3090E14A /* EasyLogKit */,
			);
			path = Sources;
			sourceTree = "<group>";
		};
		91A13DD00A239B4ECA08B128 /* UI */ = {
			isa = PBXGroup;
			children = (
				04EF780E236BAF2054CC44B8 /* LithologyColorProfilesSheetView.swift */,
				EC49BAB9C78BD7D6AD9CC605 /* ProjectSidebarView.swift */,
				2FF6184158A2EA4426E157E2 /* UnitFormView.swift */,
			);
			path = UI;
			sourceTree = "<group>";
		};
		92C192B8A2AD3F94938D8951 /* Resources */ = {
			isa = PBXGroup;
			children = (
				428EEE930B4295FDD7525871 /* isolated */,
				DE7212CEE07F09B24D34673E /* USGSRuntime */,
				466839C91EFA5DC66536FCF0 /* USGS */,
			);
			path = Resources;
			sourceTree = "<group>";
		};
		AA650EBC8143EE74219A4369 /* App */ = {
			isa = PBXGroup;
			children = (
				88F7E13CBD2945F3AC41C8A7 /* MainContentView.swift */,
				D9B09B1C36F1A8B210D1931D /* Services */,
				8C2FE8F36D84EA36E906A623 /* State */,
				BECD077184A71CFEEC7300A9 /* UI */,
				EC25DE23E4B6BB7F92C515C0 /* UseCases */,
			);
			path = App;
			sourceTree = "<group>";
		};
		ABA3D15FB913D8120FEB9509 /* Features */ = {
			isa = PBXGroup;
			children = (
				EDB8BAF78A28B8DEED4FB443 /* Editor */,
				891F7F6F02FC89C728B2AEFA /* Preview */,
			);
			path = Features;
			sourceTree = "<group>";
		};
		B16AD59BA9686C43D70C8BF9 /* Persistence */ = {
			isa = PBXGroup;
			children = (
				494AD8682912888EF515C34C /* ProjectStore.swift */,
			);
			path = Persistence;
			sourceTree = "<group>";
		};
		BECD077184A71CFEEC7300A9 /* UI */ = {
			isa = PBXGroup;
			children = (
				8E1F4694A09EB9AD89C82DA9 /* ProUIComponents.swift */,
			);
			path = UI;
			sourceTree = "<group>";
		};
		CF0BA709E9DA5C0C3F6A319F /* UI */ = {
			isa = PBXGroup;
			children = (
				C6B857DEAD564E906DD8C5C1 /* LegendView.swift */,
				A0051647A15398FC107241DB /* RenderPreviewView.swift */,
				8F930CB4500C1E8DA9E56CCC /* SettingsPanelView.swift */,
				C540BA2F23EB59E5C471CEBC /* SyntheticComparisonPopoverView.swift */,
			);
			path = UI;
			sourceTree = "<group>";
		};
		D281C86C137FB77CCB787C1F /* App */ = {
			isa = PBXGroup;
			children = (
				6C3439C75DE363E7B7890028 /* FileDialogingTests.swift */,
				E9A834C6E9185D3D33AA0E76 /* LithologyColorPresetStoreTests.swift */,
				334562360FFAC4DAB9D66BBD /* SceneComputationServiceTests.swift */,
				D1E360DC8F291A7C8084E5F5 /* ServicesUseCasesTests.swift */,
				C6C98C85CF07CDFD3201DB26 /* ViewModelTests.swift */,
				7F8F1EB463506E87D04569A3 /* ViewModelTuningTests.swift */,
			);
			path = App;
			sourceTree = "<group>";
		};
		D493FD3A5822110CF5587B9E /* RendererPipeline */ = {
			isa = PBXGroup;
			children = (
				333FDBAAEA44B2D5E0F272D5 /* PointFeatureIconCatalogTests.swift */,
				86C55DBC0BF241165CADA76B /* PointFeatureIconRendererTests.swift */,
				E211A1A9870187F5D0B08EDF /* RendererTests.swift */,
				66C5975B325F100526964E60 /* SceneRasterCacheTests.swift */,
				A21723490559B5A6B655D37B /* SymbologyTests.swift */,
			);
			path = RendererPipeline;
			sourceTree = "<group>";
		};
		D81305EF4D9DBA5F52C0E702 /* Infrastructure */ = {
			isa = PBXGroup;
			children = (
				41D97336BA01C1BDB916A9F8 /* Export */,
				B16AD59BA9686C43D70C8BF9 /* Persistence */,
				826E2A035F8EF55B2F7684B4 /* Resources */,
				04BA42E19E3D6EB325C32540 /* Utils */,
			);
			path = Infrastructure;
			sourceTree = "<group>";
		};
		D9B09B1C36F1A8B210D1931D /* Services */ = {
			isa = PBXGroup;
			children = (
				36B9AE74C58836C5C5C81C61 /* ColorProfileService.swift */,
				FEAD7EB094D19DAC48F7EE4E /* DomainProtocols.swift */,
				0B4E2E97C06D15681046CD7D /* ExportService.swift */,
				822B8D06B718C4FFBCCFD126 /* FileDialoging.swift */,
				7B135DCDE94B9A1E1CA14A5E /* ProjectDocumentService.swift */,
				74586540F147FF01DEFBDE62 /* SceneRefreshService.swift */,
				FBCEAB7C7DD1B5501894EEDF /* ZoomService.swift */,
			);
			path = Services;
			sourceTree = "<group>";
		};
		DAF3A9CA01E0E2675242AB19 /* Tests */ = {
			isa = PBXGroup;
			children = (
				E3D66E71FE1E6DAB44B2EF73 /* EasyLogKitTests */,
			);
			path = Tests;
			sourceTree = "<group>";
		};
		DD666D1FB37F351A202B56E3 /* Rendering */ = {
			isa = PBXGroup;
			children = (
				64F6EF7999B4F0402B33DB3A /* EasyLogRenderer.swift */,
				B90D236F57A6A589BA6496F0 /* PointFeatureIcons.swift */,
				BC1A83C9ECD65690C8459062 /* RenderScene.swift */,
				E163964A26DEF732002C0666 /* SceneCGRenderer.swift */,
				99328FCCE75A1265070D7049 /* SceneLayout.swift */,
				23A968119368923D7B804F64 /* SceneRasterCache.swift */,
				87BF940680FFEDB1F571EF4B /* Symbology.swift */,
				4885C6FB966EDCE7F9628D8B /* SyntheticComparisonScene.swift */,
				7885CC1F1367AEC81A15206A /* SyntheticSceneCGRenderer.swift */,
				9B5A9611535CEC312A1FD900 /* ThreadSafeCaches.swift */,
				91734FA0427076D394BC26BC /* USGSEPSSymbolRenderer.swift */,
				24D8A1EFA729A40D90B8F004 /* USGSSymbolAssetResolver.swift */,
			);
			path = Rendering;
			sourceTree = "<group>";
		};
		E3D66E71FE1E6DAB44B2EF73 /* EasyLogKitTests */ = {
			isa = PBXGroup;
			children = (
				BFA03075EAC7BEADB0242AB1 /* TestFixtures.swift */,
				424379E9A37EB021F8701F81 /* TestSupport.swift */,
				D281C86C137FB77CCB787C1F /* App */,
				7440947C48A72CD50866DFF9 /* Core */,
				67630EF6D34CF288923B2CA0 /* Export */,
				37BA259ACD69160D7C4A325D /* PersistenceResources */,
				D493FD3A5822110CF5587B9E /* RendererPipeline */,
			);
			path = EasyLogKitTests;
			sourceTree = "<group>";
		};
		EC25DE23E4B6BB7F92C515C0 /* UseCases */ = {
			isa = PBXGroup;
			children = (
				846D166B6569BE5D6D8F8414 /* ProjectUseCases.swift */,
			);
			path = UseCases;
			sourceTree = "<group>";
		};
		EDB8BAF78A28B8DEED4FB443 /* Editor */ = {
			isa = PBXGroup;
			children = (
				91A13DD00A239B4ECA08B128 /* UI */,
			);
			path = Editor;
			sourceTree = "<group>";
		};
		FFA21C7E8C805270635517E1 /* IconSource */ = {
			isa = PBXGroup;
			children = (
				ED1EED1118FB7735A146376E /* newicon.png */,
			);
			path = IconSource;
			sourceTree = "<group>";
		};
/* End PBXGroup section */

/* Begin PBXNativeTarget section */
		1FD67030BED58A5BD5483FA1 /* EasyLogApp */ = {
			isa = PBXNativeTarget;
			buildConfigurationList = D3FDFA425CEC18E7A207A638 /* Build configuration list for PBXNativeTarget "EasyLogApp" */;
			buildPhases = (
				E0133F041D51FD7F27479220 /* Sources */,
				AD991CAAA27FBCBF5E346409 /* Resources */,
				900A2EC06E8DA469122F817A /* Frameworks */,
				9EF1835797F3A36D0CF0B958 /* Embed Frameworks */,
			);
			buildRules = (
			);
			dependencies = (
				26D2CFA73334A2027142D488 /* PBXTargetDependency */,
			);
			name = EasyLogApp;
			packageProductDependencies = (
			);
			productName = EasyLogApp;
			productReference = 8FB6FEC2EFACA00531B6FAB6 /* EasyLogApp.app */;
			productType = "com.apple.product-type.application";
		};
		6644D64CBD199E641EE548A4 /* EasyLogKit */ = {
			isa = PBXNativeTarget;
			buildConfigurationList = A580E46644EC733486A9C4A6 /* Build configuration list for PBXNativeTarget "EasyLogKit" */;
			buildPhases = (
				ABFFCC4EF7DF33E0D7EAE23E /* Sources */,
				71E51EF834A5B6B32DACB560 /* Resources */,
			);
			buildRules = (
			);
			dependencies = (
			);
			name = EasyLogKit;
			packageProductDependencies = (
			);
			productName = EasyLogKit;
			productReference = EF61C85F076D611D44F14995 /* EasyLogKit.framework */;
			productType = "com.apple.product-type.framework";
		};
		CAFDB22ED0349FE80DEF7D60 /* EasyLogKitTests */ = {
			isa = PBXNativeTarget;
			buildConfigurationList = 1247CBB966CA67E2424B9191 /* Build configuration list for PBXNativeTarget "EasyLogKitTests" */;
			buildPhases = (
				57738675F60A054C1B0AA32A /* Sources */,
				F0C4422183E13CBE1A181D8D /* Frameworks */,
				F807E5B955F5847FB39D7D8A /* Embed Frameworks */,
			);
			buildRules = (
			);
			dependencies = (
				4607592B9775162D96018E0E /* PBXTargetDependency */,
			);
			name = EasyLogKitTests;
			packageProductDependencies = (
			);
			productName = EasyLogKitTests;
			productReference = 855C09B2F148BF6DBFC0B370 /* EasyLogKitTests.xctest */;
			productType = "com.apple.product-type.bundle.unit-test";
		};
/* End PBXNativeTarget section */

/* Begin PBXProject section */
		E13F7C36BF7638AF2C8BD718 /* Project object */ = {
			isa = PBXProject;
			attributes = {
				BuildIndependentTargetsInParallel = YES;
				LastUpgradeCheck = 2640;
			};
			buildConfigurationList = 2B1D2CEB57C2A08FD17D9CB8 /* Build configuration list for PBXProject "EasyLog" */;
			developmentRegion = en;
			hasScannedForEncodings = 0;
			knownRegions = (
				Base,
				en,
			);
			mainGroup = 4267900D987DD52266865996;
			minimizedProjectReferenceProxies = 1;
			preferredProjectObjectVersion = 77;
			productRefGroup = 0C069522DC85DDF6AB0A445E /* Products */;
			projectDirPath = "";
			projectRoot = "";
			targets = (
				1FD67030BED58A5BD5483FA1 /* EasyLogApp */,
				6644D64CBD199E641EE548A4 /* EasyLogKit */,
				CAFDB22ED0349FE80DEF7D60 /* EasyLogKitTests */,
			);
		};
/* End PBXProject section */

/* Begin PBXResourcesBuildPhase section */
		71E51EF834A5B6B32DACB560 /* Resources */ = {
			isa = PBXResourcesBuildPhase;
			buildActionMask = 2147483647;
			files = (
				ABF7EBA1E369652A151E48FD /* USGSRuntime in Resources */,
				A362753B2D6BB06EFC29A844 /* isolated in Resources */,
				A9237A432D9AEB866AF66FCB /* pdf in Resources */,
			);
			runOnlyForDeploymentPostprocessing = 0;
		};
		AD991CAAA27FBCBF5E346409 /* Resources */ = {
			isa = PBXResourcesBuildPhase;
			buildActionMask = 2147483647;
			files = (
				644A480B1882A7F19833D7A7 /* Assets.xcassets in Resources */,
				A950D42ECE598B45E303FCD0 /* EasyLog.icns in Resources */,
				28D63D46AC4088DBB511D9DA /* newicon.png in Resources */,
			);
			runOnlyForDeploymentPostprocessing = 0;
		};
/* End PBXResourcesBuildPhase section */

/* Begin PBXSourcesBuildPhase section */
		57738675F60A054C1B0AA32A /* Sources */ = {
			isa = PBXSourcesBuildPhase;
			buildActionMask = 2147483647;
			files = (
				6CA7A3493495703ABA75E9CF /* CSVLogExporterTests.swift in Sources */,
				5BE97CFF3E35838D7B379F4E /* ColorHexTests.swift in Sources */,
				0920AA4CDBC62AB01972A03C /* EnglishOnlyPolicyTests.swift in Sources */,
				E9E2487BE32D9BE5889001B1 /* FileDialogingTests.swift in Sources */,
				399100AE62D930AFB235385B /* HexColorNormalizerTests.swift in Sources */,
				4697F0B8E4D596276A6129DA /* JPGAndCompositeExportTests.swift in Sources */,
				1D66CFD6631FB5E3C201D661 /* LithologyColorPresetStoreTests.swift in Sources */,
				1DB466C31C418C1817852A0B /* LocalizedNumberIOTests.swift in Sources */,
				6803A1D8AC63A59F93156336 /* ModelsBehaviorTests.swift in Sources */,
				173923676BC1058D0BE49B57 /* PointFeatureIconCatalogTests.swift in Sources */,
				B8483B94C69EFDAB28274321 /* PointFeatureIconRendererTests.swift in Sources */,
				829B6F558EBDBED16F70C68B /* ProjectRoundTripTests.swift in Sources */,
				B50A2EB519D3B1173532E594 /* RendererTests.swift in Sources */,
				70D8E3073C887A78BF162A7C /* ResourceCatalogTests.swift in Sources */,
				174B1ED1548B9031AEB8CF91 /* ResourceProviderTests.swift in Sources */,
				FAD18F08FE363A56F934821A /* SVGExportTests.swift in Sources */,
				5544A23C788FBCF706D5BFB4 /* SceneComputationServiceTests.swift in Sources */,
				728DF3DD4CD2E9C7D8663C1C /* SceneRasterCacheTests.swift in Sources */,
				424734932C5F623639E7CC51 /* ServicesUseCasesTests.swift in Sources */,
				D8FC084E366D5976E23E0534 /* SymbologyTests.swift in Sources */,
				77E8E9FF31F9BAEFD4720DD8 /* TestFixtures.swift in Sources */,
				C0FEF3A96FA29502558C6039 /* TestSupport.swift in Sources */,
				5CB065ADE4B80FCCED8D5EDD /* ValidationReportTests.swift in Sources */,
				24DD9F2118B6D500F35B3230 /* ViewModelTests.swift in Sources */,
				DA6D61A0AD51B9CBB37E2EE5 /* ViewModelTuningTests.swift in Sources */,
			);
			runOnlyForDeploymentPostprocessing = 0;
		};
		ABFFCC4EF7DF33E0D7EAE23E /* Sources */ = {
			isa = PBXSourcesBuildPhase;
			buildActionMask = 2147483647;
			files = (
				E1D9CF334F92D793173F6BEE /* CSVLogExporter.swift in Sources */,
				88C45EF4F62C61125AD11DAE /* ColorHex.swift in Sources */,
				3F308EC14FA6E730D3F3BE6D /* ColorProfileService.swift in Sources */,
				10F7EA95AF26E3FF57D294EE /* DomainProtocols.swift in Sources */,
				68BCDE2AFD9397A70381B39A /* EasyLogKitBundle.swift in Sources */,
				C1E162E3E7422E8BE82813A1 /* EasyLogRenderer.swift in Sources */,
				0B5A7BCBD027EA8A5B614A94 /* EditorState.swift in Sources */,
				A2C669FA6F086AE89250B750 /* ExportService.swift in Sources */,
				40430B85A46E3DE1F50B3E76 /* Exporting.swift in Sources */,
				3B308D249C956700716001F8 /* FileDialoging.swift in Sources */,
				BAB1EBF1066B3AEB6059B4FF /* HexColorNormalizer.swift in Sources */,
				FDE4C485AD4266EBF469DDB3 /* JPGExporter.swift in Sources */,
				0221E956C710EE293313D239 /* LegendView.swift in Sources */,
				625659B762A6216105ABA33C /* LithologyColorPresets.swift in Sources */,
				2263460F46B2AB93926AF8E6 /* LithologyColorProfilesSheetView.swift in Sources */,
				9915CDE28A341644F5A0D413 /* LocalizedNumberIO.swift in Sources */,
				78F78C3686D62257A5FC2129 /* MainContentView.swift in Sources */,
				0057148EC8A263969B4F9DA0 /* Models.swift in Sources */,
				3B10E07DEB4CB63D7175FB58 /* PointFeatureIcons.swift in Sources */,
				CF5A99D15CC3BD874D929B31 /* ProUIComponents.swift in Sources */,
				7D5761EEE42AB5E258C96D88 /* ProjectDocumentService.swift in Sources */,
				ED3851BEC2769067E9D4930D /* ProjectSidebarView.swift in Sources */,
				C24585E2CD4909EDA94316C8 /* ProjectStore.swift in Sources */,
				7E740657D92B35D2A569C874 /* ProjectUseCases.swift in Sources */,
				397680867FCFF014E4F201B2 /* ProjectViewModel.swift in Sources */,
				B4F95AAF63626BFA246E05D7 /* RenderPreviewView.swift in Sources */,
				DC28E0AE324FEF641EDF08F9 /* RenderScene.swift in Sources */,
				3DC8F695BAE24E069B3D8B20 /* RenderTuning.swift in Sources */,
				14DEAD19E402C6E55403DD24 /* ResourceProvider.swift in Sources */,
				CFC1DB6EFFFBE886CDB85C81 /* SVGExporter.swift in Sources */,
				100CAFCDAEFDCC3F32DDA27C /* SceneCGRenderer.swift in Sources */,
				10AFF34F3FC29D300170C69F /* SceneComputationService.swift in Sources */,
				A752162E572A95533AF83381 /* SceneLayout.swift in Sources */,
				192E55EB016B3C3C01E0CA84 /* SceneRasterCache.swift in Sources */,
				201500C2038ADF37AE7D4CAD /* SceneRefreshService.swift in Sources */,
				ED5E07F7F442861E74E01A1C /* SceneRefreshTrigger.swift in Sources */,
				5EC239DA68BDDBA7A71338ED /* SettingsPanelView.swift in Sources */,
				91A5557AD1199F5F44D1B3F1 /* Symbology.swift in Sources */,
				F20ED8D93F50F04CFFD8613E /* SyntheticComparisonPopoverView.swift in Sources */,
				B3CFC6C2542070E6B94D650A /* SyntheticComparisonScene.swift in Sources */,
				17F16FADC23B298F3C122436 /* SyntheticSceneCGRenderer.swift in Sources */,
				220A6737D35A57844C3B7525 /* ThreadSafeCaches.swift in Sources */,
				A77C498B5A7FB14D7F4EF349 /* USGSEPSSymbolRenderer.swift in Sources */,
				8CB296347AFF4ED0F3881472 /* USGSResourceCatalog.swift in Sources */,
				1DEA26EDF15B4EBAA9CDF5D1 /* USGSSymbolAssetResolver.swift in Sources */,
				59A805CA6EC11BF69C494C41 /* UnitFormView.swift in Sources */,
				5D3E08ADBBC91BE99636DEA1 /* Validation.swift in Sources */,
				4BE895CD30586672AFE5C5AD /* ZoomService.swift in Sources */,
			);
			runOnlyForDeploymentPostprocessing = 0;
		};
		E0133F041D51FD7F27479220 /* Sources */ = {
			isa = PBXSourcesBuildPhase;
			buildActionMask = 2147483647;
			files = (
				BEEE8DC978E3F1A9C51EBFB1 /* EasyLogApp.swift in Sources */,
			);
			runOnlyForDeploymentPostprocessing = 0;
		};
/* End PBXSourcesBuildPhase section */

/* Begin PBXTargetDependency section */
		26D2CFA73334A2027142D488 /* PBXTargetDependency */ = {
			isa = PBXTargetDependency;
			target = 6644D64CBD199E641EE548A4 /* EasyLogKit */;
			targetProxy = 7E6F89AFC462252B7BE19812 /* PBXContainerItemProxy */;
		};
		4607592B9775162D96018E0E /* PBXTargetDependency */ = {
			isa = PBXTargetDependency;
			target = 6644D64CBD199E641EE548A4 /* EasyLogKit */;
			targetProxy = 7DF3623A952C63BAD4CB834B /* PBXContainerItemProxy */;
		};
/* End PBXTargetDependency section */

/* Begin XCBuildConfiguration section */
		0A092009C87CE96155D60A0E /* Debug */ = {
			isa = XCBuildConfiguration;
			buildSettings = {
				ALWAYS_SEARCH_USER_PATHS = NO;
				CLANG_ANALYZER_NONNULL = YES;
				CLANG_ANALYZER_NUMBER_OBJECT_CONVERSION = YES_AGGRESSIVE;
				CLANG_CXX_LANGUAGE_STANDARD = "gnu++14";
				CLANG_CXX_LIBRARY = "libc++";
				CLANG_ENABLE_MODULES = YES;
				CLANG_ENABLE_OBJC_ARC = YES;
				CLANG_ENABLE_OBJC_WEAK = YES;
				CLANG_WARN_BLOCK_CAPTURE_AUTORELEASING = YES;
				CLANG_WARN_BOOL_CONVERSION = YES;
				CLANG_WARN_COMMA = YES;
				CLANG_WARN_CONSTANT_CONVERSION = YES;
				CLANG_WARN_DEPRECATED_OBJC_IMPLEMENTATIONS = YES;
				CLANG_WARN_DIRECT_OBJC_ISA_USAGE = YES_ERROR;
				CLANG_WARN_DOCUMENTATION_COMMENTS = YES;
				CLANG_WARN_EMPTY_BODY = YES;
				CLANG_WARN_ENUM_CONVERSION = YES;
				CLANG_WARN_INFINITE_RECURSION = YES;
				CLANG_WARN_INT_CONVERSION = YES;
				CLANG_WARN_NON_LITERAL_NULL_CONVERSION = YES;
				CLANG_WARN_OBJC_IMPLICIT_RETAIN_SELF = YES;
				CLANG_WARN_OBJC_LITERAL_CONVERSION = YES;
				CLANG_WARN_OBJC_ROOT_CLASS = YES_ERROR;
				CLANG_WARN_QUOTED_INCLUDE_IN_FRAMEWORK_HEADER = YES;
				CLANG_WARN_RANGE_LOOP_ANALYSIS = YES;
				CLANG_WARN_STRICT_PROTOTYPES = YES;
				CLANG_WARN_SUSPICIOUS_MOVE = YES;
				CLANG_WARN_UNGUARDED_AVAILABILITY = YES_AGGRESSIVE;
				CLANG_WARN_UNREACHABLE_CODE = YES;
				CLANG_WARN__DUPLICATE_METHOD_MATCH = YES;
				COPY_PHASE_STRIP = NO;
				DEAD_CODE_STRIPPING = YES;
				DEBUG_INFORMATION_FORMAT = dwarf;
				DEVELOPMENT_LANGUAGE = en;
				ENABLE_STRICT_OBJC_MSGSEND = YES;
				ENABLE_TESTABILITY = YES;
				ENABLE_USER_SCRIPT_SANDBOXING = YES;
				GCC_C_LANGUAGE_STANDARD = gnu11;
				GCC_DYNAMIC_NO_PIC = NO;
				GCC_NO_COMMON_BLOCKS = YES;
				GCC_OPTIMIZATION_LEVEL = 0;
				GCC_PREPROCESSOR_DEFINITIONS = (
					"$(inherited)",
					"DEBUG=1",
				);
				GCC_WARN_64_TO_32_BIT_CONVERSION = YES;
				GCC_WARN_ABOUT_RETURN_TYPE = YES_ERROR;
				GCC_WARN_UNDECLARED_SELECTOR = YES;
				GCC_WARN_UNINITIALIZED_AUTOS = YES_AGGRESSIVE;
				GCC_WARN_UNUSED_FUNCTION = YES;
				GCC_WARN_UNUSED_VARIABLE = YES;
				MACOSX_DEPLOYMENT_TARGET = 26.0;
				MTL_ENABLE_DEBUG_INFO = INCLUDE_SOURCE;
				MTL_FAST_MATH = YES;
				ONLY_ACTIVE_ARCH = YES;
				PRODUCT_NAME = "$(TARGET_NAME)";
				SDKROOT = macosx;
				STRING_CATALOG_GENERATE_SYMBOLS = YES;
				SWIFT_ACTIVE_COMPILATION_CONDITIONS = DEBUG;
				SWIFT_OPTIMIZATION_LEVEL = "-Onone";
				SWIFT_VERSION = 6.0;
			};
			name = Debug;
		};
		4237AC2F21D7992D602FDF50 /* Debug */ = {
			isa = XCBuildConfiguration;
			buildSettings = {
				ASSETCATALOG_COMPILER_APPICON_NAME = AppIcon;
				COMBINE_HIDPI_IMAGES = YES;
				CURRENT_PROJECT_VERSION = 1;
				DEAD_CODE_STRIPPING = YES;
				GENERATE_INFOPLIST_FILE = YES;
				LD_RUNPATH_SEARCH_PATHS = (
					"$(inherited)",
					"@executable_path/../Frameworks",
				);
				MARKETING_VERSION = 1.1.3;
				PRODUCT_BUNDLE_IDENTIFIER = com.iphes.easylogapp;
				PRODUCT_NAME = EasyLogApp;
				SDKROOT = macosx;
				SWIFT_EMIT_LOC_STRINGS = YES;
			};
			name = Debug;
		};
		68DDBE99ED85C2CB2B2AE5EC /* Release */ = {
			isa = XCBuildConfiguration;
			buildSettings = {
				ALWAYS_SEARCH_USER_PATHS = NO;
				CLANG_ANALYZER_NONNULL = YES;
				CLANG_ANALYZER_NUMBER_OBJECT_CONVERSION = YES_AGGRESSIVE;
				CLANG_CXX_LANGUAGE_STANDARD = "gnu++14";
				CLANG_CXX_LIBRARY = "libc++";
				CLANG_ENABLE_MODULES = YES;
				CLANG_ENABLE_OBJC_ARC = YES;
				CLANG_ENABLE_OBJC_WEAK = YES;
				CLANG_WARN_BLOCK_CAPTURE_AUTORELEASING = YES;
				CLANG_WARN_BOOL_CONVERSION = YES;
				CLANG_WARN_COMMA = YES;
				CLANG_WARN_CONSTANT_CONVERSION = YES;
				CLANG_WARN_DEPRECATED_OBJC_IMPLEMENTATIONS = YES;
				CLANG_WARN_DIRECT_OBJC_ISA_USAGE = YES_ERROR;
				CLANG_WARN_DOCUMENTATION_COMMENTS = YES;
				CLANG_WARN_EMPTY_BODY = YES;
				CLANG_WARN_ENUM_CONVERSION = YES;
				CLANG_WARN_INFINITE_RECURSION = YES;
				CLANG_WARN_INT_CONVERSION = YES;
				CLANG_WARN_NON_LITERAL_NULL_CONVERSION = YES;
				CLANG_WARN_OBJC_IMPLICIT_RETAIN_SELF = YES;
				CLANG_WARN_OBJC_LITERAL_CONVERSION = YES;
				CLANG_WARN_OBJC_ROOT_CLASS = YES_ERROR;
				CLANG_WARN_QUOTED_INCLUDE_IN_FRAMEWORK_HEADER = YES;
				CLANG_WARN_RANGE_LOOP_ANALYSIS = YES;
				CLANG_WARN_STRICT_PROTOTYPES = YES;
				CLANG_WARN_SUSPICIOUS_MOVE = YES;
				CLANG_WARN_UNGUARDED_AVAILABILITY = YES_AGGRESSIVE;
				CLANG_WARN_UNREACHABLE_CODE = YES;
				CLANG_WARN__DUPLICATE_METHOD_MATCH = YES;
				COPY_PHASE_STRIP = NO;
				DEAD_CODE_STRIPPING = YES;
				DEBUG_INFORMATION_FORMAT = "dwarf-with-dsym";
				DEVELOPMENT_LANGUAGE = en;
				ENABLE_NS_ASSERTIONS = NO;
				ENABLE_STRICT_OBJC_MSGSEND = YES;
				ENABLE_USER_SCRIPT_SANDBOXING = YES;
				GCC_C_LANGUAGE_STANDARD = gnu11;
				GCC_NO_COMMON_BLOCKS = YES;
				GCC_WARN_64_TO_32_BIT_CONVERSION = YES;
				GCC_WARN_ABOUT_RETURN_TYPE = YES_ERROR;
				GCC_WARN_UNDECLARED_SELECTOR = YES;
				GCC_WARN_UNINITIALIZED_AUTOS = YES_AGGRESSIVE;
				GCC_WARN_UNUSED_FUNCTION = YES;
				GCC_WARN_UNUSED_VARIABLE = YES;
				MACOSX_DEPLOYMENT_TARGET = 26.0;
				MTL_ENABLE_DEBUG_INFO = NO;
				MTL_FAST_MATH = YES;
				PRODUCT_NAME = "$(TARGET_NAME)";
				SDKROOT = macosx;
				STRING_CATALOG_GENERATE_SYMBOLS = YES;
				SWIFT_COMPILATION_MODE = wholemodule;
				SWIFT_OPTIMIZATION_LEVEL = "-O";
				SWIFT_VERSION = 6.0;
			};
			name = Release;
		};
		8CD311778B18B1406578FE42 /* Release */ = {
			isa = XCBuildConfiguration;
			buildSettings = {
				ASSETCATALOG_COMPILER_APPICON_NAME = AppIcon;
				COMBINE_HIDPI_IMAGES = YES;
				CURRENT_PROJECT_VERSION = 1;
				DEAD_CODE_STRIPPING = YES;
				GENERATE_INFOPLIST_FILE = YES;
				LD_RUNPATH_SEARCH_PATHS = (
					"$(inherited)",
					"@executable_path/../Frameworks",
				);
				MARKETING_VERSION = 1.1.3;
				PRODUCT_BUNDLE_IDENTIFIER = com.iphes.easylogapp;
				PRODUCT_NAME = EasyLogApp;
				SDKROOT = macosx;
				SWIFT_EMIT_LOC_STRINGS = YES;
			};
			name = Release;
		};
		BCD41060603EC5AF2E89DAB3 /* Debug */ = {
			isa = XCBuildConfiguration;
			buildSettings = {
				CODE_SIGN_IDENTITY = "";
				COMBINE_HIDPI_IMAGES = YES;
				CURRENT_PROJECT_VERSION = 1;
				DEAD_CODE_STRIPPING = YES;
				DEFINES_MODULE = YES;
				DYLIB_COMPATIBILITY_VERSION = 1;
				DYLIB_CURRENT_VERSION = 1;
				DYLIB_INSTALL_NAME_BASE = "@rpath";
				ENABLE_MODULE_VERIFIER = YES;
				GENERATE_INFOPLIST_FILE = YES;
				INSTALL_PATH = "$(LOCAL_LIBRARY_DIR)/Frameworks";
				LD_RUNPATH_SEARCH_PATHS = (
					"$(inherited)",
					"@executable_path/../Frameworks",
				);
				MODULE_VERIFIER_SUPPORTED_LANGUAGE_STANDARDS = "gnu11 gnu++14";
				PRODUCT_BUNDLE_IDENTIFIER = com.iphes.easylogkit;
				SDKROOT = macosx;
				SKIP_INSTALL = YES;
				VERSIONING_SYSTEM = "apple-generic";
			};
			name = Debug;
		};
		DB29E40612A4F0E97D2257F0 /* Release */ = {
			isa = XCBuildConfiguration;
			buildSettings = {
				BUNDLE_LOADER = "$(TEST_HOST)";
				COMBINE_HIDPI_IMAGES = YES;
				DEAD_CODE_STRIPPING = YES;
				GENERATE_INFOPLIST_FILE = YES;
				LD_RUNPATH_SEARCH_PATHS = (
					"$(inherited)",
					"@executable_path/../Frameworks",
					"@loader_path/../Frameworks",
				);
				PRODUCT_BUNDLE_IDENTIFIER = com.iphes.easylogkit.tests;
				SDKROOT = macosx;
			};
			name = Release;
		};
		E7A43C53EB2B2F84CB1851A7 /* Release */ = {
			isa = XCBuildConfiguration;
			buildSettings = {
				CODE_SIGN_IDENTITY = "";
				COMBINE_HIDPI_IMAGES = YES;
				CURRENT_PROJECT_VERSION = 1;
				DEAD_CODE_STRIPPING = YES;
				DEFINES_MODULE = YES;
				DYLIB_COMPATIBILITY_VERSION = 1;
				DYLIB_CURRENT_VERSION = 1;
				DYLIB_INSTALL_NAME_BASE = "@rpath";
				ENABLE_MODULE_VERIFIER = YES;
				GENERATE_INFOPLIST_FILE = YES;
				INSTALL_PATH = "$(LOCAL_LIBRARY_DIR)/Frameworks";
				LD_RUNPATH_SEARCH_PATHS = (
					"$(inherited)",
					"@executable_path/../Frameworks",
				);
				MODULE_VERIFIER_SUPPORTED_LANGUAGE_STANDARDS = "gnu11 gnu++14";
				PRODUCT_BUNDLE_IDENTIFIER = com.iphes.easylogkit;
				SDKROOT = macosx;
				SKIP_INSTALL = YES;
				VERSIONING_SYSTEM = "apple-generic";
			};
			name = Release;
		};
		F632ED2F4D0927DFE9668E52 /* Debug */ = {
			isa = XCBuildConfiguration;
			buildSettings = {
				BUNDLE_LOADER = "$(TEST_HOST)";
				COMBINE_HIDPI_IMAGES = YES;
				DEAD_CODE_STRIPPING = YES;
				GENERATE_INFOPLIST_FILE = YES;
				LD_RUNPATH_SEARCH_PATHS = (
					"$(inherited)",
					"@executable_path/../Frameworks",
					"@loader_path/../Frameworks",
				);
				PRODUCT_BUNDLE_IDENTIFIER = com.iphes.easylogkit.tests;
				SDKROOT = macosx;
			};
			name = Debug;
		};
/* End XCBuildConfiguration section */

/* Begin XCConfigurationList section */
		1247CBB966CA67E2424B9191 /* Build configuration list for PBXNativeTarget "EasyLogKitTests" */ = {
			isa = XCConfigurationList;
			buildConfigurations = (
				F632ED2F4D0927DFE9668E52 /* Debug */,
				DB29E40612A4F0E97D2257F0 /* Release */,
			);
			defaultConfigurationIsVisible = 0;
			defaultConfigurationName = Debug;
		};
		2B1D2CEB57C2A08FD17D9CB8 /* Build configuration list for PBXProject "EasyLog" */ = {
			isa = XCConfigurationList;
			buildConfigurations = (
				0A092009C87CE96155D60A0E /* Debug */,
				68DDBE99ED85C2CB2B2AE5EC /* Release */,
			);
			defaultConfigurationIsVisible = 0;
			defaultConfigurationName = Debug;
		};
		A580E46644EC733486A9C4A6 /* Build configuration list for PBXNativeTarget "EasyLogKit" */ = {
			isa = XCConfigurationList;
			buildConfigurations = (
				BCD41060603EC5AF2E89DAB3 /* Debug */,
				E7A43C53EB2B2F84CB1851A7 /* Release */,
			);
			defaultConfigurationIsVisible = 0;
			defaultConfigurationName = Debug;
		};
		D3FDFA425CEC18E7A207A638 /* Build configuration list for PBXNativeTarget "EasyLogApp" */ = {
			isa = XCConfigurationList;
			buildConfigurations = (
				4237AC2F21D7992D602FDF50 /* Debug */,
				8CD311778B18B1406578FE42 /* Release */,
			);
			defaultConfigurationIsVisible = 0;
			defaultConfigurationName = Debug;
		};
/* End XCConfigurationList section */
	};
	rootObject = E13F7C36BF7638AF2C8BD718 /* Project object */;
}
